
Microsoft Visual Studio Solution File, Format Version 12.00
# Visual Studio 2012
Project("{FAE04EC0-301F-11D3-BF4B-00C04F79EFBC}") = "DigicoinOMS.Core", "DigicoinOMS.Core\DigicoinOMS.Core.csproj", "{B091700E-E89D-42BD-A55B-EAC90F722A87}"
EndProject
Project("{FAE04EC0-301F-11D3-BF4B-00C04F79EFBC}") = "DigicoinOMS.InvestoBankSample", "DigicoinOMS.InvestoBankSample\DigicoinOMS.InvestoBankSample.csproj", "{0EEE87E8-12C0-45E8-B3C6-061F5DA65E58}"
EndProject
Project("{2150E333-8FDC-42A3-9474-1A3956D46DE8}") = ".nuget", ".nuget", "{345C37B5-D465-43E3-B98D-44BF9247B148}"
	ProjectSection(SolutionItems) = preProject
		.nuget\packages.config = .nuget\packages.config
	EndProjectSection
EndProject
Project("{FAE04EC0-301F-11D3-BF4B-00C04F79EFBC}") = "DigicoinOMS.Core.Tests", "DigicoinOMS.Core.Tests\DigicoinOMS.Core.Tests.csproj", "{01BC37E6-5B2C-4EED-B66D-3816288AEC8E}"
EndProject
Global
	GlobalSection(SolutionConfigurationPlatforms) = preSolution
		Debug|Any CPU = Debug|Any CPU
		Release|Any CPU = Release|Any CPU
	EndGlobalSection
	GlobalSection(ProjectConfigurationPlatforms) = postSolution
		{B091700E-E89D-42BD-A55B-EAC90F722A87}.Debug|Any CPU.ActiveCfg = Debug|Any CPU
		{B091700E-E89D-42BD-A55B-EAC90F722A87}.Debug|Any CPU.Build.0 = Debug|Any CPU
		{B091700E-E89D-42BD-A55B-EAC90F722A87}.Release|Any CPU.ActiveCfg = Release|Any CPU
		{B091700E-E89D-42BD-A55B-EAC90F722A87}.Release|Any CPU.Build.0 = Release|Any CPU
		{0EEE87E8-12C0-45E8-B3C6-061F5DA65E58}.Debug|Any CPU.ActiveCfg = Debug|Any CPU
		{0EEE87E8-12C0-45E8-B3C6-061F5DA65E58}.Debug|Any CPU.Build.0 = Debug|Any CPU
		{0EEE87E8-12C0-45E8-B3C6-061F5DA65E58}.Release|Any CPU.ActiveCfg = Release|Any CPU
		{0EEE87E8-12C0-45E8-B3C6-061F5DA65E58}.Release|Any CPU.Build.0 = Release|Any CPU
		{01BC37E6-5B2C-4EED-B66D-3816288AEC8E}.Debug|Any CPU.ActiveCfg = Debug|Any CPU
		{01BC37E6-5B2C-4EED-B66D-3816288AEC8E}.Debug|Any CPU.Build.0 = Debug|Any CPU
		{01BC37E6-5B2C-4EED-B66D-3816288AEC8E}.Release|Any CPU.ActiveCfg = Release|Any CPU
		{01BC37E6-5B2C-4EED-B66D-3816288AEC8E}.Release|Any CPU.Build.0 = Release|Any CPU
	EndGlobalSection
	GlobalSection(SolutionProperties) = preSolution
		HideSolutionNode = FALSE
	EndGlobalSection
EndGlobal
